
Microsoft Visual Studio Solution File, Format Version 12.00
Project("{FAE04EC0-301F-11D3-BF4B-00C04F79EFBC}") = "Motiv", "Motiv\Motiv.csproj", "{D54F83CF-F7BD-4337-8FD7-E8984A9EAB47}"
EndProject
Project("{FAE04EC0-301F-11D3-BF4B-00C04F79EFBC}") = "Motiv.Tests", "Motiv.Tests\Motiv.Tests.csproj", "{4B336D50-9150-43A6-8E05-CA6B2AE5BE83}"
EndProject
Project("{FAE04EC0-301F-11D3-BF4B-00C04F79EFBC}") = "Motiv.Poker", "examples\Motiv.Poker\Motiv.Poker.csproj", "{3DE80EE6-5C49-48D4-A76E-570BEDFE3CF2}"
EndProject
Project("{2150E333-8FDC-42A3-9474-1A3956D46DE8}") = "Examples", "Examples", "{E076512D-63A8-45CA-86B2-8E8E85716CBA}"
EndProject
Project("{FAE04EC0-301F-11D3-BF4B-00C04F79EFBC}") = "Motiv.Poker.Tests", "examples\Motiv.Poker.Tests\Motiv.Poker.Tests.csproj", "{D50C77D6-83D2-4B41-9F28-2D55B5CB365C}"
EndProject
Project("{2150E333-8FDC-42A3-9474-1A3956D46DE8}") = "FilesystemRoot", "FilesystemRoot", "{D55CF6DF-E2EA-4A46-9017-EB6B09673661}"
	ProjectSection(SolutionItems) = preProject
		README.md = README.md
		.gitignore = .gitignore
		.github\workflows\dotnet.yml = .github\workflows\dotnet.yml
		LICENSE = LICENSE
	EndProjectSection
EndProject
Global
	GlobalSection(SolutionConfigurationPlatforms) = preSolution
		Debug|Any CPU = Debug|Any CPU
		Release|Any CPU = Release|Any CPU
	EndGlobalSection
	GlobalSection(ProjectConfigurationPlatforms) = postSolution
		{D54F83CF-F7BD-4337-8FD7-E8984A9EAB47}.Debug|Any CPU.ActiveCfg = Debug|Any CPU
		{D54F83CF-F7BD-4337-8FD7-E8984A9EAB47}.Debug|Any CPU.Build.0 = Debug|Any CPU
		{D54F83CF-F7BD-4337-8FD7-E8984A9EAB47}.Release|Any CPU.ActiveCfg = Release|Any CPU
		{D54F83CF-F7BD-4337-8FD7-E8984A9EAB47}.Release|Any CPU.Build.0 = Release|Any CPU
		{4B336D50-9150-43A6-8E05-CA6B2AE5BE83}.Debug|Any CPU.ActiveCfg = Debug|Any CPU
		{4B336D50-9150-43A6-8E05-CA6B2AE5BE83}.Debug|Any CPU.Build.0 = Debug|Any CPU
		{4B336D50-9150-43A6-8E05-CA6B2AE5BE83}.Release|Any CPU.ActiveCfg = Release|Any CPU
		{4B336D50-9150-43A6-8E05-CA6B2AE5BE83}.Release|Any CPU.Build.0 = Release|Any CPU
		{3DE80EE6-5C49-48D4-A76E-570BEDFE3CF2}.Debug|Any CPU.ActiveCfg = Debug|Any CPU
		{3DE80EE6-5C49-48D4-A76E-570BEDFE3CF2}.Debug|Any CPU.Build.0 = Debug|Any CPU
		{3DE80EE6-5C49-48D4-A76E-570BEDFE3CF2}.Release|Any CPU.ActiveCfg = Release|Any CPU
		{3DE80EE6-5C49-48D4-A76E-570BEDFE3CF2}.Release|Any CPU.Build.0 = Release|Any CPU
		{D50C77D6-83D2-4B41-9F28-2D55B5CB365C}.Debug|Any CPU.ActiveCfg = Debug|Any CPU
		{D50C77D6-83D2-4B41-9F28-2D55B5CB365C}.Debug|Any CPU.Build.0 = Debug|Any CPU
		{D50C77D6-83D2-4B41-9F28-2D55B5CB365C}.Release|Any CPU.ActiveCfg = Release|Any CPU
		{D50C77D6-83D2-4B41-9F28-2D55B5CB365C}.Release|Any CPU.Build.0 = Release|Any CPU
	EndGlobalSection
	GlobalSection(NestedProjects) = preSolution
		{3DE80EE6-5C49-48D4-A76E-570BEDFE3CF2} = {E076512D-63A8-45CA-86B2-8E8E85716CBA}
		{D50C77D6-83D2-4B41-9F28-2D55B5CB365C} = {E076512D-63A8-45CA-86B2-8E8E85716CBA}
	EndGlobalSection
EndGlobal
